
Microsoft Visual Studio Solution File, Format Version 12.00
# Visual Studio Version 17
VisualStudioVersion = 17.6.33815.320
MinimumVisualStudioVersion = 10.0.40219.1
Project("{FAE04EC0-301F-11D3-BF4B-00C04F79EFBC}") = "TzAnime.WebScraping", "TzAnime.WebScraping\TzAnime.WebScraping.csproj", "{B53A2FCA-4FBC-4BD1-8761-A68A4CDDDAC8}"
EndProject
Global
	GlobalSection(SolutionConfigurationPlatforms) = preSolution
		Debug|Any CPU = Debug|Any CPU
		Release|Any CPU = Release|Any CPU
	EndGlobalSection
	GlobalSection(ProjectConfigurationPlatforms) = postSolution
		{B53A2FCA-4FBC-4BD1-8761-A68A4CDDDAC8}.Debug|Any CPU.ActiveCfg = Debug|Any CPU
		{B53A2FCA-4FBC-4BD1-8761-A68A4CDDDAC8}.Debug|Any CPU.Build.0 = Debug|Any CPU
		{B53A2FCA-4FBC-4BD1-8761-A68A4CDDDAC8}.Release|Any CPU.ActiveCfg = Release|Any CPU
		{B53A2FCA-4FBC-4BD1-8761-A68A4CDDDAC8}.Release|Any CPU.Build.0 = Release|Any CPU
	EndGlobalSection
	GlobalSection(SolutionProperties) = preSolution
		HideSolutionNode = FALSE
	EndGlobalSection
	GlobalSection(ExtensibilityGlobals) = postSolution
		SolutionGuid = {D4DB4018-B8A4-421C-B458-1E9A610C9B78}
	EndGlobalSection
EndGlobal
